// !$*UTF8*$!
{
	archiveVersion = 1;
	classes = {
	};
	objectVersion = 48;
	objects = {

/* Begin PBXBuildFile section */
		2202A68D1FFF3C2700787854 /* main.cpp in Sources */ = {isa = PBXBuildFile; fileRef = 2202A68C1FFF3C2700787854 /* main.cpp */; };
		2202A6951FFF562C00787854 /* names.cpp in Sources */ = {isa = PBXBuildFile; fileRef = 2202A6931FFF562C00787854 /* names.cpp */; };
		2202A6981FFF59D300787854 /* questions.cpp in Sources */ = {isa = PBXBuildFile; fileRef = 2202A6961FFF59D300787854 /* questions.cpp */; };
		2202A69B1FFF757600787854 /* roomArea.cpp in Sources */ = {isa = PBXBuildFile; fileRef = 2202A6991FFF757600787854 /* roomArea.cpp */; };
		220FA1A72017FEE700428964 /* arraySearch.cpp in Sources */ = {isa = PBXBuildFile; fileRef = 220FA1A52017FEE700428964 /* arraySearch.cpp */; };
		2236B6A0201EA2A0002F9D68 /* Dog.cpp in Sources */ = {isa = PBXBuildFile; fileRef = 2236B69E201EA2A0002F9D68 /* Dog.cpp */; };
		22639A22201A7D6F0082B928 /* arrayPlayground.cpp in Sources */ = {isa = PBXBuildFile; fileRef = 22639A20201A7D6F0082B928 /* arrayPlayground.cpp */; };
		22639A25201AB9A50082B928 /* arraymd.cpp in Sources */ = {isa = PBXBuildFile; fileRef = 22639A23201AB9A50082B928 /* arraymd.cpp */; };
		22639A28201AEB5D0082B928 /* funcHeader.cpp in Sources */ = {isa = PBXBuildFile; fileRef = 22639A26201AEB5D0082B928 /* funcHeader.cpp */; };
		22639A31201BDFE80082B928 /* m10FuncRet.cpp in Sources */ = {isa = PBXBuildFile; fileRef = 22639A2F201BDFE80082B928 /* m10FuncRet.cpp */; };
		22639A34201C05280082B928 /* m16PassByRef.cpp in Sources */ = {isa = PBXBuildFile; fileRef = 22639A32201C05280082B928 /* m16PassByRef.cpp */; };
		22639A37201CE95D0082B928 /* m19ArrayAsParam.cpp in Sources */ = {isa = PBXBuildFile; fileRef = 22639A35201CE95D0082B928 /* m19ArrayAsParam.cpp */; };
		22639A3A201CF7220082B928 /* m22Debug.cpp in Sources */ = {isa = PBXBuildFile; fileRef = 22639A38201CF7220082B928 /* m22Debug.cpp */; };
		22639A3E201D59BB0082B928 /* m3WhyClasses.cpp in Sources */ = {isa = PBXBuildFile; fileRef = 22639A3C201D59BB0082B928 /* m3WhyClasses.cpp */; };
		2271E46E2014F60D00D8EBA9 /* whileLoop.cpp in Sources */ = {isa = PBXBuildFile; fileRef = 2271E46C2014F60D00D8EBA9 /* whileLoop.cpp */; };
		2271E4712015A3B400D8EBA9 /* pointers.cpp in Sources */ = {isa = PBXBuildFile; fileRef = 2271E46F2015A3B400D8EBA9 /* pointers.cpp */; };
		2271E47420161B1A00D8EBA9 /* minMax.cpp in Sources */ = {isa = PBXBuildFile; fileRef = 2271E47220161B1A00D8EBA9 /* minMax.cpp */; };
		2271E4772016A0D200D8EBA9 /* arrays.cpp in Sources */ = {isa = PBXBuildFile; fileRef = 2271E4752016A0D200D8EBA9 /* arrays.cpp */; };
		22A2FE9020BEB0FD00EF4AAE /* Cat.cpp in Sources */ = {isa = PBXBuildFile; fileRef = 22A2FE8E20BEB0FD00EF4AAE /* Cat.cpp */; };
		22ABF0892004ED4000E00866 /* shapesVolume.cpp in Sources */ = {isa = PBXBuildFile; fileRef = 22ABF0872004ED4000E00866 /* shapesVolume.cpp */; };
		22ABF08C2005096E00E00866 /* truthTable.cpp in Sources */ = {isa = PBXBuildFile; fileRef = 22ABF08A2005096E00E00866 /* truthTable.cpp */; };
		22ABF08F200536C900E00866 /* ifElse.cpp in Sources */ = {isa = PBXBuildFile; fileRef = 22ABF08D200536C900E00866 /* ifElse.cpp */; };
		22ABF09220053E6300E00866 /* switch.cpp in Sources */ = {isa = PBXBuildFile; fileRef = 22ABF09020053E6300E00866 /* switch.cpp */; };
		22ABF0952005C05A00E00866 /* forLoop.cpp in Sources */ = {isa = PBXBuildFile; fileRef = 22ABF0932005C05A00E00866 /* forLoop.cpp */; };
/* End PBXBuildFile section */

/* Begin PBXCopyFilesBuildPhase section */
		2202A6871FFF3C2700787854 /* CopyFiles */ = {
			isa = PBXCopyFilesBuildPhase;
			buildActionMask = 2147483647;
			dstPath = /usr/share/man/man1/;
			dstSubfolderSpec = 0;
			files = (
			);
			runOnlyForDeploymentPostprocessing = 1;
		};
/* End PBXCopyFilesBuildPhase section */

/* Begin PBXFileReference section */
		2202A6891FFF3C2700787854 /* ud210 */ = {isa = PBXFileReference; explicitFileType = "compiled.mach-o.executable"; includeInIndex = 0; path = ud210; sourceTree = BUILT_PRODUCTS_DIR; };
		2202A68C1FFF3C2700787854 /* main.cpp */ = {isa = PBXFileReference; lastKnownFileType = sourcecode.cpp.cpp; path = main.cpp; sourceTree = "<group>"; };
		2202A6931FFF562C00787854 /* names.cpp */ = {isa = PBXFileReference; lastKnownFileType = sourcecode.cpp.cpp; path = names.cpp; sourceTree = "<group>"; };
		2202A6941FFF562C00787854 /* names.hpp */ = {isa = PBXFileReference; lastKnownFileType = sourcecode.cpp.h; path = names.hpp; sourceTree = "<group>"; };
		2202A6961FFF59D300787854 /* questions.cpp */ = {isa = PBXFileReference; lastKnownFileType = sourcecode.cpp.cpp; path = questions.cpp; sourceTree = "<group>"; };
		2202A6971FFF59D300787854 /* questions.hpp */ = {isa = PBXFileReference; lastKnownFileType = sourcecode.cpp.h; path = questions.hpp; sourceTree = "<group>"; };
		2202A6991FFF757600787854 /* roomArea.cpp */ = {isa = PBXFileReference; lastKnownFileType = sourcecode.cpp.cpp; path = roomArea.cpp; sourceTree = "<group>"; };
		2202A69A1FFF757600787854 /* roomArea.hpp */ = {isa = PBXFileReference; lastKnownFileType = sourcecode.cpp.h; path = roomArea.hpp; sourceTree = "<group>"; };
		220FA1A52017FEE700428964 /* arraySearch.cpp */ = {isa = PBXFileReference; lastKnownFileType = sourcecode.cpp.cpp; path = arraySearch.cpp; sourceTree = "<group>"; };
		220FA1A62017FEE700428964 /* arraySearch.hpp */ = {isa = PBXFileReference; lastKnownFileType = sourcecode.cpp.h; path = arraySearch.hpp; sourceTree = "<group>"; };
		2236B69E201EA2A0002F9D68 /* Dog.cpp */ = {isa = PBXFileReference; lastKnownFileType = sourcecode.cpp.cpp; path = Dog.cpp; sourceTree = "<group>"; };
		2236B69F201EA2A0002F9D68 /* Dog.hpp */ = {isa = PBXFileReference; lastKnownFileType = sourcecode.cpp.h; path = Dog.hpp; sourceTree = "<group>"; };
		22639A20201A7D6F0082B928 /* arrayPlayground.cpp */ = {isa = PBXFileReference; lastKnownFileType = sourcecode.cpp.cpp; path = arrayPlayground.cpp; sourceTree = "<group>"; };
		22639A21201A7D6F0082B928 /* arrayPlayground.hpp */ = {isa = PBXFileReference; lastKnownFileType = sourcecode.cpp.h; path = arrayPlayground.hpp; sourceTree = "<group>"; };
		22639A23201AB9A50082B928 /* arraymd.cpp */ = {isa = PBXFileReference; lastKnownFileType = sourcecode.cpp.cpp; path = arraymd.cpp; sourceTree = "<group>"; };
		22639A24201AB9A50082B928 /* arraymd.hpp */ = {isa = PBXFileReference; lastKnownFileType = sourcecode.cpp.h; path = arraymd.hpp; sourceTree = "<group>"; };
		22639A26201AEB5D0082B928 /* funcHeader.cpp */ = {isa = PBXFileReference; lastKnownFileType = sourcecode.cpp.cpp; path = funcHeader.cpp; sourceTree = "<group>"; };
		22639A27201AEB5D0082B928 /* funcHeader.hpp */ = {isa = PBXFileReference; lastKnownFileType = sourcecode.cpp.h; path = funcHeader.hpp; sourceTree = "<group>"; };
		22639A2F201BDFE80082B928 /* m10FuncRet.cpp */ = {isa = PBXFileReference; lastKnownFileType = sourcecode.cpp.cpp; path = m10FuncRet.cpp; sourceTree = "<group>"; };
		22639A30201BDFE80082B928 /* m10FuncRet.hpp */ = {isa = PBXFileReference; lastKnownFileType = sourcecode.cpp.h; path = m10FuncRet.hpp; sourceTree = "<group>"; };
		22639A32201C05280082B928 /* m16PassByRef.cpp */ = {isa = PBXFileReference; lastKnownFileType = sourcecode.cpp.cpp; path = m16PassByRef.cpp; sourceTree = "<group>"; };
		22639A33201C05280082B928 /* m16PassByRef.hpp */ = {isa = PBXFileReference; lastKnownFileType = sourcecode.cpp.h; path = m16PassByRef.hpp; sourceTree = "<group>"; };
		22639A35201CE95D0082B928 /* m19ArrayAsParam.cpp */ = {isa = PBXFileReference; lastKnownFileType = sourcecode.cpp.cpp; path = m19ArrayAsParam.cpp; sourceTree = "<group>"; };
		22639A36201CE95D0082B928 /* m19ArrayAsParam.hpp */ = {isa = PBXFileReference; lastKnownFileType = sourcecode.cpp.h; path = m19ArrayAsParam.hpp; sourceTree = "<group>"; };
		22639A38201CF7220082B928 /* m22Debug.cpp */ = {isa = PBXFileReference; lastKnownFileType = sourcecode.cpp.cpp; path = m22Debug.cpp; sourceTree = "<group>"; };
		22639A39201CF7220082B928 /* m22Debug.hpp */ = {isa = PBXFileReference; lastKnownFileType = sourcecode.cpp.h; path = m22Debug.hpp; sourceTree = "<group>"; };
		22639A3C201D59BB0082B928 /* m3WhyClasses.cpp */ = {isa = PBXFileReference; lastKnownFileType = sourcecode.cpp.cpp; path = m3WhyClasses.cpp; sourceTree = "<group>"; };
		22639A3D201D59BB0082B928 /* m3WhyClasses.hpp */ = {isa = PBXFileReference; lastKnownFileType = sourcecode.cpp.h; path = m3WhyClasses.hpp; sourceTree = "<group>"; };
		2271E46C2014F60D00D8EBA9 /* whileLoop.cpp */ = {isa = PBXFileReference; lastKnownFileType = sourcecode.cpp.cpp; path = whileLoop.cpp; sourceTree = "<group>"; };
		2271E46D2014F60D00D8EBA9 /* whileLoop.hpp */ = {isa = PBXFileReference; lastKnownFileType = sourcecode.cpp.h; path = whileLoop.hpp; sourceTree = "<group>"; };
		2271E46F2015A3B400D8EBA9 /* pointers.cpp */ = {isa = PBXFileReference; lastKnownFileType = sourcecode.cpp.cpp; path = pointers.cpp; sourceTree = "<group>"; };
		2271E4702015A3B400D8EBA9 /* pointers.hpp */ = {isa = PBXFileReference; lastKnownFileType = sourcecode.cpp.h; path = pointers.hpp; sourceTree = "<group>"; };
		2271E47220161B1A00D8EBA9 /* minMax.cpp */ = {isa = PBXFileReference; lastKnownFileType = sourcecode.cpp.cpp; path = minMax.cpp; sourceTree = "<group>"; };
		2271E47320161B1A00D8EBA9 /* minMax.hpp */ = {isa = PBXFileReference; lastKnownFileType = sourcecode.cpp.h; path = minMax.hpp; sourceTree = "<group>"; };
		2271E4752016A0D200D8EBA9 /* arrays.cpp */ = {isa = PBXFileReference; lastKnownFileType = sourcecode.cpp.cpp; path = arrays.cpp; sourceTree = "<group>"; };
		2271E4762016A0D200D8EBA9 /* arrays.hpp */ = {isa = PBXFileReference; lastKnownFileType = sourcecode.cpp.h; path = arrays.hpp; sourceTree = "<group>"; };
		22A2FE8E20BEB0FD00EF4AAE /* Cat.cpp */ = {isa = PBXFileReference; lastKnownFileType = sourcecode.cpp.cpp; path = Cat.cpp; sourceTree = "<group>"; };
		22A2FE8F20BEB0FD00EF4AAE /* Cat.hpp */ = {isa = PBXFileReference; lastKnownFileType = sourcecode.cpp.h; path = Cat.hpp; sourceTree = "<group>"; };
		22ABF0872004ED4000E00866 /* shapesVolume.cpp */ = {isa = PBXFileReference; lastKnownFileType = sourcecode.cpp.cpp; path = shapesVolume.cpp; sourceTree = "<group>"; };
		22ABF0882004ED4000E00866 /* shapesVolume.hpp */ = {isa = PBXFileReference; lastKnownFileType = sourcecode.cpp.h; path = shapesVolume.hpp; sourceTree = "<group>"; };
		22ABF08A2005096E00E00866 /* truthTable.cpp */ = {isa = PBXFileReference; lastKnownFileType = sourcecode.cpp.cpp; path = truthTable.cpp; sourceTree = "<group>"; };
		22ABF08B2005096E00E00866 /* truthTable.hpp */ = {isa = PBXFileReference; lastKnownFileType = sourcecode.cpp.h; path = truthTable.hpp; sourceTree = "<group>"; };
		22ABF08D200536C900E00866 /* ifElse.cpp */ = {isa = PBXFileReference; lastKnownFileType = sourcecode.cpp.cpp; path = ifElse.cpp; sourceTree = "<group>"; };
		22ABF08E200536C900E00866 /* ifElse.hpp */ = {isa = PBXFileReference; lastKnownFileType = sourcecode.cpp.h; path = ifElse.hpp; sourceTree = "<group>"; };
		22ABF09020053E6300E00866 /* switch.cpp */ = {isa = PBXFileReference; lastKnownFileType = sourcecode.cpp.cpp; path = switch.cpp; sourceTree = "<group>"; };
		22ABF09120053E6300E00866 /* switch.hpp */ = {isa = PBXFileReference; lastKnownFileType = sourcecode.cpp.h; path = switch.hpp; sourceTree = "<group>"; };
		22ABF0932005C05A00E00866 /* forLoop.cpp */ = {isa = PBXFileReference; lastKnownFileType = sourcecode.cpp.cpp; path = forLoop.cpp; sourceTree = "<group>"; };
		22ABF0942005C05A00E00866 /* forLoop.hpp */ = {isa = PBXFileReference; lastKnownFileType = sourcecode.cpp.h; path = forLoop.hpp; sourceTree = "<group>"; };
/* End PBXFileReference section */

/* Begin PBXFrameworksBuildPhase section */
		2202A6861FFF3C2700787854 /* Frameworks */ = {
			isa = PBXFrameworksBuildPhase;
			buildActionMask = 2147483647;
			files = (
			);
			runOnlyForDeploymentPostprocessing = 0;
		};
/* End PBXFrameworksBuildPhase section */

/* Begin PBXGroup section */
		2202A6801FFF3C2700787854 = {
			isa = PBXGroup;
			children = (
				2202A68B1FFF3C2700787854 /* ud210 */,
				2202A68A1FFF3C2700787854 /* Products */,
			);
			sourceTree = "<group>";
		};
		2202A68A1FFF3C2700787854 /* Products */ = {
			isa = PBXGroup;
			children = (
				2202A6891FFF3C2700787854 /* ud210 */,
			);
			name = Products;
			sourceTree = "<group>";
		};
		2202A68B1FFF3C2700787854 /* ud210 */ = {
			isa = PBXGroup;
			children = (
				2202A68C1FFF3C2700787854 /* main.cpp */,
				22639A29201B93230082B928 /* L1 */,
				22639A2A201B94AD0082B928 /* L3 */,
				22639A2B201B96420082B928 /* L4 */,
				22639A2C201B96C70082B928 /* L5 */,
				22639A2D201B971D0082B928 /* L6 */,
				22639A2E201B9CB20082B928 /* L7 */,
				22639A3B201D59190082B928 /* L8 */,
			);
			path = ud210;
			sourceTree = "<group>";
		};
		22639A29201B93230082B928 /* L1 */ = {
			isa = PBXGroup;
			children = (
				2202A6961FFF59D300787854 /* questions.cpp */,
				2202A6971FFF59D300787854 /* questions.hpp */,
				2202A6931FFF562C00787854 /* names.cpp */,
				2202A6941FFF562C00787854 /* names.hpp */,
				2202A6991FFF757600787854 /* roomArea.cpp */,
				2202A69A1FFF757600787854 /* roomArea.hpp */,
			);
			path = L1;
			sourceTree = "<group>";
		};
		22639A2A201B94AD0082B928 /* L3 */ = {
			isa = PBXGroup;
			children = (
				22ABF0872004ED4000E00866 /* shapesVolume.cpp */,
				22ABF0882004ED4000E00866 /* shapesVolume.hpp */,
			);
			path = L3;
			sourceTree = "<group>";
		};
		22639A2B201B96420082B928 /* L4 */ = {
			isa = PBXGroup;
			children = (
				22ABF08A2005096E00E00866 /* truthTable.cpp */,
				22ABF08B2005096E00E00866 /* truthTable.hpp */,
				22ABF08D200536C900E00866 /* ifElse.cpp */,
				22ABF08E200536C900E00866 /* ifElse.hpp */,
				22ABF09020053E6300E00866 /* switch.cpp */,
				22ABF09120053E6300E00866 /* switch.hpp */,
				22ABF0932005C05A00E00866 /* forLoop.cpp */,
				22ABF0942005C05A00E00866 /* forLoop.hpp */,
				2271E46C2014F60D00D8EBA9 /* whileLoop.cpp */,
				2271E46D2014F60D00D8EBA9 /* whileLoop.hpp */,
			);
			path = L4;
			sourceTree = "<group>";
		};
		22639A2C201B96C70082B928 /* L5 */ = {
			isa = PBXGroup;
			children = (
				2271E46F2015A3B400D8EBA9 /* pointers.cpp */,
				2271E4702015A3B400D8EBA9 /* pointers.hpp */,
			);
			path = L5;
			sourceTree = "<group>";
		};
		22639A2D201B971D0082B928 /* L6 */ = {
			isa = PBXGroup;
			children = (
				2271E47220161B1A00D8EBA9 /* minMax.cpp */,
				2271E47320161B1A00D8EBA9 /* minMax.hpp */,
				2271E4752016A0D200D8EBA9 /* arrays.cpp */,
				2271E4762016A0D200D8EBA9 /* arrays.hpp */,
				220FA1A52017FEE700428964 /* arraySearch.cpp */,
				220FA1A62017FEE700428964 /* arraySearch.hpp */,
				22639A20201A7D6F0082B928 /* arrayPlayground.cpp */,
				22639A21201A7D6F0082B928 /* arrayPlayground.hpp */,
				22639A23201AB9A50082B928 /* arraymd.cpp */,
				22639A24201AB9A50082B928 /* arraymd.hpp */,
			);
			path = L6;
			sourceTree = "<group>";
		};
		22639A2E201B9CB20082B928 /* L7 */ = {
			isa = PBXGroup;
			children = (
				22639A26201AEB5D0082B928 /* funcHeader.cpp */,
				22639A27201AEB5D0082B928 /* funcHeader.hpp */,
				22639A2F201BDFE80082B928 /* m10FuncRet.cpp */,
				22639A30201BDFE80082B928 /* m10FuncRet.hpp */,
				22639A32201C05280082B928 /* m16PassByRef.cpp */,
				22639A33201C05280082B928 /* m16PassByRef.hpp */,
				22639A35201CE95D0082B928 /* m19ArrayAsParam.cpp */,
				22639A36201CE95D0082B928 /* m19ArrayAsParam.hpp */,
				22639A38201CF7220082B928 /* m22Debug.cpp */,
				22639A39201CF7220082B928 /* m22Debug.hpp */,
			);
			path = L7;
			sourceTree = "<group>";
		};
		22639A3B201D59190082B928 /* L8 */ = {
			isa = PBXGroup;
			children = (
				22639A3C201D59BB0082B928 /* m3WhyClasses.cpp */,
				22639A3D201D59BB0082B928 /* m3WhyClasses.hpp */,
				2236B69E201EA2A0002F9D68 /* Dog.cpp */,
				2236B69F201EA2A0002F9D68 /* Dog.hpp */,
				22A2FE8E20BEB0FD00EF4AAE /* Cat.cpp */,
				22A2FE8F20BEB0FD00EF4AAE /* Cat.hpp */,
			);
			path = L8;
			sourceTree = "<group>";
		};
/* End PBXGroup section */

/* Begin PBXNativeTarget section */
		2202A6881FFF3C2700787854 /* ud210 */ = {
			isa = PBXNativeTarget;
			buildConfigurationList = 2202A6901FFF3C2700787854 /* Build configuration list for PBXNativeTarget "ud210" */;
			buildPhases = (
				2202A6851FFF3C2700787854 /* Sources */,
				2202A6861FFF3C2700787854 /* Frameworks */,
				2202A6871FFF3C2700787854 /* CopyFiles */,
			);
			buildRules = (
			);
			dependencies = (
			);
			name = ud210;
			productName = ud210;
			productReference = 2202A6891FFF3C2700787854 /* ud210 */;
			productType = "com.apple.product-type.tool";
		};
/* End PBXNativeTarget section */

/* Begin PBXProject section */
		2202A6811FFF3C2700787854 /* Project object */ = {
			isa = PBXProject;
			attributes = {
				LastUpgradeCheck = 0920;
				ORGANIZATIONNAME = j4fun;
				TargetAttributes = {
					2202A6881FFF3C2700787854 = {
						CreatedOnToolsVersion = 9.2;
						ProvisioningStyle = Automatic;
					};
				};
			};
			buildConfigurationList = 2202A6841FFF3C2700787854 /* Build configuration list for PBXProject "ud210" */;
			compatibilityVersion = "Xcode 8.0";
			developmentRegion = en;
			hasScannedForEncodings = 0;
			knownRegions = (
				en,
			);
			mainGroup = 2202A6801FFF3C2700787854;
			productRefGroup = 2202A68A1FFF3C2700787854 /* Products */;
			projectDirPath = "";
			projectRoot = "";
			targets = (
				2202A6881FFF3C2700787854 /* ud210 */,
			);
		};
/* End PBXProject section */

/* Begin PBXSourcesBuildPhase section */
		2202A6851FFF3C2700787854 /* Sources */ = {
			isa = PBXSourcesBuildPhase;
			buildActionMask = 2147483647;
			files = (
				22A2FE9020BEB0FD00EF4AAE /* Cat.cpp in Sources */,
				2202A6951FFF562C00787854 /* names.cpp in Sources */,
				22639A22201A7D6F0082B928 /* arrayPlayground.cpp in Sources */,
				2202A6981FFF59D300787854 /* questions.cpp in Sources */,
				2202A68D1FFF3C2700787854 /* main.cpp in Sources */,
				2202A69B1FFF757600787854 /* roomArea.cpp in Sources */,
				22ABF08C2005096E00E00866 /* truthTable.cpp in Sources */,
				2271E47420161B1A00D8EBA9 /* minMax.cpp in Sources */,
				22639A37201CE95D0082B928 /* m19ArrayAsParam.cpp in Sources */,
				22639A28201AEB5D0082B928 /* funcHeader.cpp in Sources */,
				2236B6A0201EA2A0002F9D68 /* Dog.cpp in Sources */,
				22639A3A201CF7220082B928 /* m22Debug.cpp in Sources */,
				22639A31201BDFE80082B928 /* m10FuncRet.cpp in Sources */,
				2271E46E2014F60D00D8EBA9 /* whileLoop.cpp in Sources */,
				22ABF09220053E6300E00866 /* switch.cpp in Sources */,
				22639A3E201D59BB0082B928 /* m3WhyClasses.cpp in Sources */,
				22ABF08F200536C900E00866 /* ifElse.cpp in Sources */,
				2271E4712015A3B400D8EBA9 /* pointers.cpp in Sources */,
				22ABF0892004ED4000E00866 /* shapesVolume.cpp in Sources */,
				22639A25201AB9A50082B928 /* arraymd.cpp in Sources */,
				2271E4772016A0D200D8EBA9 /* arrays.cpp in Sources */,
				22639A34201C05280082B928 /* m16PassByRef.cpp in Sources */,
				22ABF0952005C05A00E00866 /* forLoop.cpp in Sources */,
				220FA1A72017FEE700428964 /* arraySearch.cpp in Sources */,
			);
			runOnlyForDeploymentPostprocessing = 0;
		};
/* End PBXSourcesBuildPhase section */

/* Begin XCBuildConfiguration section */
		2202A68E1FFF3C2700787854 /* Debug */ = {
			isa = XCBuildConfiguration;
			buildSettings = {
				ALWAYS_SEARCH_USER_PATHS = NO;
				CLANG_ANALYZER_NONNULL = YES;
				CLANG_ANALYZER_NUMBER_OBJECT_CONVERSION = YES_AGGRESSIVE;
				CLANG_CXX_LANGUAGE_STANDARD = "gnu++14";
				CLANG_CXX_LIBRARY = "libc++";
				CLANG_ENABLE_MODULES = YES;
				CLANG_ENABLE_OBJC_ARC = YES;
				CLANG_WARN_BLOCK_CAPTURE_AUTORELEASING = YES;
				CLANG_WARN_BOOL_CONVERSION = YES;
				CLANG_WARN_COMMA = YES;
				CLANG_WARN_CONSTANT_CONVERSION = YES;
				CLANG_WARN_DIRECT_OBJC_ISA_USAGE = YES_ERROR;
				CLANG_WARN_DOCUMENTATION_COMMENTS = YES;
				CLANG_WARN_EMPTY_BODY = YES;
				CLANG_WARN_ENUM_CONVERSION = YES;
				CLANG_WARN_INFINITE_RECURSION = YES;
				CLANG_WARN_INT_CONVERSION = YES;
				CLANG_WARN_NON_LITERAL_NULL_CONVERSION = YES;
				CLANG_WARN_OBJC_LITERAL_CONVERSION = YES;
				CLANG_WARN_OBJC_ROOT_CLASS = YES_ERROR;
				CLANG_WARN_RANGE_LOOP_ANALYSIS = YES;
				CLANG_WARN_STRICT_PROTOTYPES = YES;
				CLANG_WARN_SUSPICIOUS_MOVE = YES;
				CLANG_WARN_UNGUARDED_AVAILABILITY = YES_AGGRESSIVE;
				CLANG_WARN_UNREACHABLE_CODE = YES;
				CLANG_WARN__DUPLICATE_METHOD_MATCH = YES;
				CODE_SIGN_IDENTITY = "-";
				COPY_PHASE_STRIP = NO;
				DEBUG_INFORMATION_FORMAT = dwarf;
				ENABLE_STRICT_OBJC_MSGSEND = YES;
				ENABLE_TESTABILITY = YES;
				GCC_C_LANGUAGE_STANDARD = gnu11;
				GCC_DYNAMIC_NO_PIC = NO;
				GCC_NO_COMMON_BLOCKS = YES;
				GCC_OPTIMIZATION_LEVEL = 0;
				GCC_PREPROCESSOR_DEFINITIONS = (
					"DEBUG=1",
					"$(inherited)",
				);
				GCC_WARN_64_TO_32_BIT_CONVERSION = YES;
				GCC_WARN_ABOUT_RETURN_TYPE = YES_ERROR;
				GCC_WARN_UNDECLARED_SELECTOR = YES;
				GCC_WARN_UNINITIALIZED_AUTOS = YES_AGGRESSIVE;
				GCC_WARN_UNUSED_FUNCTION = YES;
				GCC_WARN_UNUSED_VARIABLE = YES;
				MACOSX_DEPLOYMENT_TARGET = 10.13;
				MTL_ENABLE_DEBUG_INFO = YES;
				ONLY_ACTIVE_ARCH = YES;
				SDKROOT = macosx;
			};
			name = Debug;
		};
		2202A68F1FFF3C2700787854 /* Release */ = {
			isa = XCBuildConfiguration;
			buildSettings = {
				ALWAYS_SEARCH_USER_PATHS = NO;
				CLANG_ANALYZER_NONNULL = YES;
				CLANG_ANALYZER_NUMBER_OBJECT_CONVERSION = YES_AGGRESSIVE;
				CLANG_CXX_LANGUAGE_STANDARD = "gnu++14";
				CLANG_CXX_LIBRARY = "libc++";
				CLANG_ENABLE_MODULES = YES;
				CLANG_ENABLE_OBJC_ARC = YES;
				CLANG_WARN_BLOCK_CAPTURE_AUTORELEASING = YES;
				CLANG_WARN_BOOL_CONVERSION = YES;
				CLANG_WARN_COMMA = YES;
				CLANG_WARN_CONSTANT_CONVERSION = YES;
				CLANG_WARN_DIRECT_OBJC_ISA_USAGE = YES_ERROR;
				CLANG_WARN_DOCUMENTATION_COMMENTS = YES;
				CLANG_WARN_EMPTY_BODY = YES;
				CLANG_WARN_ENUM_CONVERSION = YES;
				CLANG_WARN_INFINITE_RECURSION = YES;
				CLANG_WARN_INT_CONVERSION = YES;
				CLANG_WARN_NON_LITERAL_NULL_CONVERSION = YES;
				CLANG_WARN_OBJC_LITERAL_CONVERSION = YES;
				CLANG_WARN_OBJC_ROOT_CLASS = YES_ERROR;
				CLANG_WARN_RANGE_LOOP_ANALYSIS = YES;
				CLANG_WARN_STRICT_PROTOTYPES = YES;
				CLANG_WARN_SUSPICIOUS_MOVE = YES;
				CLANG_WARN_UNGUARDED_AVAILABILITY = YES_AGGRESSIVE;
				CLANG_WARN_UNREACHABLE_CODE = YES;
				CLANG_WARN__DUPLICATE_METHOD_MATCH = YES;
				CODE_SIGN_IDENTITY = "-";
				COPY_PHASE_STRIP = NO;
				DEBUG_INFORMATION_FORMAT = "dwarf-with-dsym";
				ENABLE_NS_ASSERTIONS = NO;
				ENABLE_STRICT_OBJC_MSGSEND = YES;
				GCC_C_LANGUAGE_STANDARD = gnu11;
				GCC_NO_COMMON_BLOCKS = YES;
				GCC_WARN_64_TO_32_BIT_CONVERSION = YES;
				GCC_WARN_ABOUT_RETURN_TYPE = YES_ERROR;
				GCC_WARN_UNDECLARED_SELECTOR = YES;
				GCC_WARN_UNINITIALIZED_AUTOS = YES_AGGRESSIVE;
				GCC_WARN_UNUSED_FUNCTION = YES;
				GCC_WARN_UNUSED_VARIABLE = YES;
				MACOSX_DEPLOYMENT_TARGET = 10.13;
				MTL_ENABLE_DEBUG_INFO = NO;
				SDKROOT = macosx;
			};
			name = Release;
		};
		2202A6911FFF3C2700787854 /* Debug */ = {
			isa = XCBuildConfiguration;
			buildSettings = {
				CODE_SIGN_STYLE = Automatic;
				PRODUCT_NAME = "$(TARGET_NAME)";
			};
			name = Debug;
		};
		2202A6921FFF3C2700787854 /* Release */ = {
			isa = XCBuildConfiguration;
			buildSettings = {
				CODE_SIGN_STYLE = Automatic;
				PRODUCT_NAME = "$(TARGET_NAME)";
			};
			name = Release;
		};
/* End XCBuildConfiguration section */

/* Begin XCConfigurationList section */
		2202A6841FFF3C2700787854 /* Build configuration list for PBXProject "ud210" */ = {
			isa = XCConfigurationList;
			buildConfigurations = (
				2202A68E1FFF3C2700787854 /* Debug */,
				2202A68F1FFF3C2700787854 /* Release */,
			);
			defaultConfigurationIsVisible = 0;
			defaultConfigurationName = Release;
		};
		2202A6901FFF3C2700787854 /* Build configuration list for PBXNativeTarget "ud210" */ = {
			isa = XCConfigurationList;
			buildConfigurations = (
				2202A6911FFF3C2700787854 /* Debug */,
				2202A6921FFF3C2700787854 /* Release */,
			);
			defaultConfigurationIsVisible = 0;
			defaultConfigurationName = Release;
		};
/* End XCConfigurationList section */
	};
	rootObject = 2202A6811FFF3C2700787854 /* Project object */;
}
